
Microsoft Visual Studio Solution File, Format Version 12.00
# Visual Studio Version 16
VisualStudioVersion = 16.0.33328.57
MinimumVisualStudioVersion = 10.0.40219.1
Project("{FAE04EC0-301F-11D3-BF4B-00C04F79EFBC}") = "IfElse", "IfElse\IfElse.csproj", "{5A9F4D5D-6162-43FA-940F-8AA1FB226F01}"
EndProject
Project("{FAE04EC0-301F-11D3-BF4B-00C04F79EFBC}") = "p151_ex2-", "p151_ex2-\p151_ex2-.csproj", "{74D7E08F-9589-4989-ACF7-719E5B503823}"
EndProject
Project("{FAE04EC0-301F-11D3-BF4B-00C04F79EFBC}") = "p151_ex3", "p151_ex3\p151_ex3.csproj", "{CDA37168-D6C8-4586-B179-5F30A2D4BA33}"
EndProject
Project("{FAE04EC0-301F-11D3-BF4B-00C04F79EFBC}") = "p151_ex4", "p151_ex4\p151_ex4.csproj", "{F984CF3D-107E-4E5D-A764-D3C0424788D1}"
EndProject
Project("{FAE04EC0-301F-11D3-BF4B-00C04F79EFBC}") = "While", "While\While.csproj", "{FDB91BBF-9377-4565-A6BA-3F3EBFCDB0EF}"
EndProject
Project("{FAE04EC0-301F-11D3-BF4B-00C04F79EFBC}") = "p151_ex5", "p151_ex5\p151_ex5.csproj", "{804ED829-8BEF-4F8D-8725-B1B08C5FBEB0}"
EndProject
Project("{FAE04EC0-301F-11D3-BF4B-00C04F79EFBC}") = "DoWhile", "DoWhile\DoWhile.csproj", "{DA4BF553-6C15-4A9C-A442-7498970EC710}"
EndProject
Project("{FAE04EC0-301F-11D3-BF4B-00C04F79EFBC}") = "p151_ex6", "p151_ex6\p151_ex6.csproj", "{DBD145C6-C214-482D-BEAD-4AC6CEEB634F}"
EndProject
Project("{FAE04EC0-301F-11D3-BF4B-00C04F79EFBC}") = "For", "For\For.csproj", "{AA8976DC-DAAF-4C5B-8FDF-C5E8169B1712}"
EndProject
Global
	GlobalSection(SolutionConfigurationPlatforms) = preSolution
		Debug|Any CPU = Debug|Any CPU
		Release|Any CPU = Release|Any CPU
	EndGlobalSection
	GlobalSection(ProjectConfigurationPlatforms) = postSolution
		{5A9F4D5D-6162-43FA-940F-8AA1FB226F01}.Debug|Any CPU.ActiveCfg = Debug|Any CPU
		{5A9F4D5D-6162-43FA-940F-8AA1FB226F01}.Debug|Any CPU.Build.0 = Debug|Any CPU
		{5A9F4D5D-6162-43FA-940F-8AA1FB226F01}.Release|Any CPU.ActiveCfg = Release|Any CPU
		{5A9F4D5D-6162-43FA-940F-8AA1FB226F01}.Release|Any CPU.Build.0 = Release|Any CPU
		{74D7E08F-9589-4989-ACF7-719E5B503823}.Debug|Any CPU.ActiveCfg = Debug|Any CPU
		{74D7E08F-9589-4989-ACF7-719E5B503823}.Debug|Any CPU.Build.0 = Debug|Any CPU
		{74D7E08F-9589-4989-ACF7-719E5B503823}.Release|Any CPU.ActiveCfg = Release|Any CPU
		{74D7E08F-9589-4989-ACF7-719E5B503823}.Release|Any CPU.Build.0 = Release|Any CPU
		{CDA37168-D6C8-4586-B179-5F30A2D4BA33}.Debug|Any CPU.ActiveCfg = Debug|Any CPU
		{CDA37168-D6C8-4586-B179-5F30A2D4BA33}.Debug|Any CPU.Build.0 = Debug|Any CPU
		{CDA37168-D6C8-4586-B179-5F30A2D4BA33}.Release|Any CPU.ActiveCfg = Release|Any CPU
		{CDA37168-D6C8-4586-B179-5F30A2D4BA33}.Release|Any CPU.Build.0 = Release|Any CPU
		{F984CF3D-107E-4E5D-A764-D3C0424788D1}.Debug|Any CPU.ActiveCfg = Debug|Any CPU
		{F984CF3D-107E-4E5D-A764-D3C0424788D1}.Debug|Any CPU.Build.0 = Debug|Any CPU
		{F984CF3D-107E-4E5D-A764-D3C0424788D1}.Release|Any CPU.ActiveCfg = Release|Any CPU
		{F984CF3D-107E-4E5D-A764-D3C0424788D1}.Release|Any CPU.Build.0 = Release|Any CPU
		{FDB91BBF-9377-4565-A6BA-3F3EBFCDB0EF}.Debug|Any CPU.ActiveCfg = Debug|Any CPU
		{FDB91BBF-9377-4565-A6BA-3F3EBFCDB0EF}.Debug|Any CPU.Build.0 = Debug|Any CPU
		{FDB91BBF-9377-4565-A6BA-3F3EBFCDB0EF}.Release|Any CPU.ActiveCfg = Release|Any CPU
		{FDB91BBF-9377-4565-A6BA-3F3EBFCDB0EF}.Release|Any CPU.Build.0 = Release|Any CPU
		{804ED829-8BEF-4F8D-8725-B1B08C5FBEB0}.Debug|Any CPU.ActiveCfg = Debug|Any CPU
		{804ED829-8BEF-4F8D-8725-B1B08C5FBEB0}.Debug|Any CPU.Build.0 = Debug|Any CPU
		{804ED829-8BEF-4F8D-8725-B1B08C5FBEB0}.Release|Any CPU.ActiveCfg = Release|Any CPU
		{804ED829-8BEF-4F8D-8725-B1B08C5FBEB0}.Release|Any CPU.Build.0 = Release|Any CPU
		{DA4BF553-6C15-4A9C-A442-7498970EC710}.Debug|Any CPU.ActiveCfg = Debug|Any CPU
		{DA4BF553-6C15-4A9C-A442-7498970EC710}.Debug|Any CPU.Build.0 = Debug|Any CPU
		{DA4BF553-6C15-4A9C-A442-7498970EC710}.Release|Any CPU.ActiveCfg = Release|Any CPU
		{DA4BF553-6C15-4A9C-A442-7498970EC710}.Release|Any CPU.Build.0 = Release|Any CPU
		{DBD145C6-C214-482D-BEAD-4AC6CEEB634F}.Debug|Any CPU.ActiveCfg = Debug|Any CPU
		{DBD145C6-C214-482D-BEAD-4AC6CEEB634F}.Debug|Any CPU.Build.0 = Debug|Any CPU
		{DBD145C6-C214-482D-BEAD-4AC6CEEB634F}.Release|Any CPU.ActiveCfg = Release|Any CPU
		{DBD145C6-C214-482D-BEAD-4AC6CEEB634F}.Release|Any CPU.Build.0 = Release|Any CPU
		{AA8976DC-DAAF-4C5B-8FDF-C5E8169B1712}.Debug|Any CPU.ActiveCfg = Debug|Any CPU
		{AA8976DC-DAAF-4C5B-8FDF-C5E8169B1712}.Debug|Any CPU.Build.0 = Debug|Any CPU
		{AA8976DC-DAAF-4C5B-8FDF-C5E8169B1712}.Release|Any CPU.ActiveCfg = Release|Any CPU
		{AA8976DC-DAAF-4C5B-8FDF-C5E8169B1712}.Release|Any CPU.Build.0 = Release|Any CPU
	EndGlobalSection
	GlobalSection(SolutionProperties) = preSolution
		HideSolutionNode = FALSE
	EndGlobalSection
	GlobalSection(ExtensibilityGlobals) = postSolution
		SolutionGuid = {A3D6818A-7AFC-49DE-80F0-1C4071FB6B26}
	EndGlobalSection
EndGlobal
