
Microsoft Visual Studio Solution File, Format Version 12.00
# Visual Studio Version 16
VisualStudioVersion = 16.0.33328.57
MinimumVisualStudioVersion = 10.0.40219.1
Project("{FAE04EC0-301F-11D3-BF4B-00C04F79EFBC}") = "IfElse", "IfElse\IfElse.csproj", "{5A9F4D5D-6162-43FA-940F-8AA1FB226F01}"
EndProject
Project("{FAE04EC0-301F-11D3-BF4B-00C04F79EFBC}") = "p151_ex2-", "p151_ex2-\p151_ex2-.csproj", "{74D7E08F-9589-4989-ACF7-719E5B503823}"
EndProject
Project("{FAE04EC0-301F-11D3-BF4B-00C04F79EFBC}") = "p151_ex3", "p151_ex3\p151_ex3.csproj", "{CDA37168-D6C8-4586-B179-5F30A2D4BA33}"
EndProject
Project("{FAE04EC0-301F-11D3-BF4B-00C04F79EFBC}") = "p151_ex4", "p151_ex4\p151_ex4.csproj", "{F984CF3D-107E-4E5D-A764-D3C0424788D1}"
EndProject
Project("{FAE04EC0-301F-11D3-BF4B-00C04F79EFBC}") = "While", "While\While.csproj", "{FDB91BBF-9377-4565-A6BA-3F3EBFCDB0EF}"
EndProject
Project("{FAE04EC0-301F-11D3-BF4B-00C04F79EFBC}") = "p151_ex5", "p151_ex5\p151_ex5.csproj", "{804ED829-8BEF-4F8D-8725-B1B08C5FBEB0}"
EndProject
Project("{FAE04EC0-301F-11D3-BF4B-00C04F79EFBC}") = "DoWhile", "DoWhile\DoWhile.csproj", "{DA4BF553-6C15-4A9C-A442-7498970EC710}"
EndProject
Project("{FAE04EC0-301F-11D3-BF4B-00C04F79EFBC}") = "For", "For\For.csproj", "{AA8976DC-DAAF-4C5B-8FDF-C5E8169B1712}"
EndProject
Project("{FAE04EC0-301F-11D3-BF4B-00C04F79EFBC}") = "p151_ex6", "p151_ex6\p151_ex6.csproj", "{87E8E7CF-EEA5-4DAB-8DED-9C3E2575F518}"
EndProject
Project("{FAE04EC0-301F-11D3-BF4B-00C04F79EFBC}") = "p161_ex2", "p161_ex2\p161_ex2.csproj", "{CDB617CF-E274-46A6-B63C-73F14724BE7B}"
EndProject
Project("{FAE04EC0-301F-11D3-BF4B-00C04F79EFBC}") = "p161_ex3", "p161_ex3\p161_ex3.csproj", "{5EA3DF0E-74D0-4B07-A129-F1B591DACFBA}"
EndProject
Project("{FAE04EC0-301F-11D3-BF4B-00C04F79EFBC}") = "p161_ex4", "p161_ex4\p161_ex4.csproj", "{7817ED61-34C0-43BF-B1D2-E4727243BDBE}"
EndProject
Project("{FAE04EC0-301F-11D3-BF4B-00C04F79EFBC}") = "forfor", "forfor\forfor.csproj", "{A01212AB-9AE5-4B17-AED5-7AFE91255A34}"
EndProject
Project("{FAE04EC0-301F-11D3-BF4B-00C04F79EFBC}") = "sswww", "sswww\sswww.csproj", "{9079A9B4-62D6-4A60-8D35-0E5F085CD655}"
EndProject
Global
	GlobalSection(SolutionConfigurationPlatforms) = preSolution
		Debug|Any CPU = Debug|Any CPU
		Release|Any CPU = Release|Any CPU
	EndGlobalSection
	GlobalSection(ProjectConfigurationPlatforms) = postSolution
		{5A9F4D5D-6162-43FA-940F-8AA1FB226F01}.Debug|Any CPU.ActiveCfg = Debug|Any CPU
		{5A9F4D5D-6162-43FA-940F-8AA1FB226F01}.Debug|Any CPU.Build.0 = Debug|Any CPU
		{5A9F4D5D-6162-43FA-940F-8AA1FB226F01}.Release|Any CPU.ActiveCfg = Release|Any CPU
		{5A9F4D5D-6162-43FA-940F-8AA1FB226F01}.Release|Any CPU.Build.0 = Release|Any CPU
		{74D7E08F-9589-4989-ACF7-719E5B503823}.Debug|Any CPU.ActiveCfg = Debug|Any CPU
		{74D7E08F-9589-4989-ACF7-719E5B503823}.Debug|Any CPU.Build.0 = Debug|Any CPU
		{74D7E08F-9589-4989-ACF7-719E5B503823}.Release|Any CPU.ActiveCfg = Release|Any CPU
		{74D7E08F-9589-4989-ACF7-719E5B503823}.Release|Any CPU.Build.0 = Release|Any CPU
		{CDA37168-D6C8-4586-B179-5F30A2D4BA33}.Debug|Any CPU.ActiveCfg = Debug|Any CPU
		{CDA37168-D6C8-4586-B179-5F30A2D4BA33}.Debug|Any CPU.Build.0 = Debug|Any CPU
		{CDA37168-D6C8-4586-B179-5F30A2D4BA33}.Release|Any CPU.ActiveCfg = Release|Any CPU
		{CDA37168-D6C8-4586-B179-5F30A2D4BA33}.Release|Any CPU.Build.0 = Release|Any CPU
		{F984CF3D-107E-4E5D-A764-D3C0424788D1}.Debug|Any CPU.ActiveCfg = Debug|Any CPU
		{F984CF3D-107E-4E5D-A764-D3C0424788D1}.Debug|Any CPU.Build.0 = Debug|Any CPU
		{F984CF3D-107E-4E5D-A764-D3C0424788D1}.Release|Any CPU.ActiveCfg = Release|Any CPU
		{F984CF3D-107E-4E5D-A764-D3C0424788D1}.Release|Any CPU.Build.0 = Release|Any CPU
		{FDB91BBF-9377-4565-A6BA-3F3EBFCDB0EF}.Debug|Any CPU.ActiveCfg = Debug|Any CPU
		{FDB91BBF-9377-4565-A6BA-3F3EBFCDB0EF}.Debug|Any CPU.Build.0 = Debug|Any CPU
		{FDB91BBF-9377-4565-A6BA-3F3EBFCDB0EF}.Release|Any CPU.ActiveCfg = Release|Any CPU
		{FDB91BBF-9377-4565-A6BA-3F3EBFCDB0EF}.Release|Any CPU.Build.0 = Release|Any CPU
		{804ED829-8BEF-4F8D-8725-B1B08C5FBEB0}.Debug|Any CPU.ActiveCfg = Debug|Any CPU
		{804ED829-8BEF-4F8D-8725-B1B08C5FBEB0}.Debug|Any CPU.Build.0 = Debug|Any CPU
		{804ED829-8BEF-4F8D-8725-B1B08C5FBEB0}.Release|Any CPU.ActiveCfg = Release|Any CPU
		{804ED829-8BEF-4F8D-8725-B1B08C5FBEB0}.Release|Any CPU.Build.0 = Release|Any CPU
		{DA4BF553-6C15-4A9C-A442-7498970EC710}.Debug|Any CPU.ActiveCfg = Debug|Any CPU
		{DA4BF553-6C15-4A9C-A442-7498970EC710}.Debug|Any CPU.Build.0 = Debug|Any CPU
		{DA4BF553-6C15-4A9C-A442-7498970EC710}.Release|Any CPU.ActiveCfg = Release|Any CPU
		{DA4BF553-6C15-4A9C-A442-7498970EC710}.Release|Any CPU.Build.0 = Release|Any CPU
		{AA8976DC-DAAF-4C5B-8FDF-C5E8169B1712}.Debug|Any CPU.ActiveCfg = Debug|Any CPU
		{AA8976DC-DAAF-4C5B-8FDF-C5E8169B1712}.Debug|Any CPU.Build.0 = Debug|Any CPU
		{AA8976DC-DAAF-4C5B-8FDF-C5E8169B1712}.Release|Any CPU.ActiveCfg = Release|Any CPU
		{AA8976DC-DAAF-4C5B-8FDF-C5E8169B1712}.Release|Any CPU.Build.0 = Release|Any CPU
		{87E8E7CF-EEA5-4DAB-8DED-9C3E2575F518}.Debug|Any CPU.ActiveCfg = Debug|Any CPU
		{87E8E7CF-EEA5-4DAB-8DED-9C3E2575F518}.Debug|Any CPU.Build.0 = Debug|Any CPU
		{87E8E7CF-EEA5-4DAB-8DED-9C3E2575F518}.Release|Any CPU.ActiveCfg = Release|Any CPU
		{87E8E7CF-EEA5-4DAB-8DED-9C3E2575F518}.Release|Any CPU.Build.0 = Release|Any CPU
		{CDB617CF-E274-46A6-B63C-73F14724BE7B}.Debug|Any CPU.ActiveCfg = Debug|Any CPU
		{CDB617CF-E274-46A6-B63C-73F14724BE7B}.Debug|Any CPU.Build.0 = Debug|Any CPU
		{CDB617CF-E274-46A6-B63C-73F14724BE7B}.Release|Any CPU.ActiveCfg = Release|Any CPU
		{CDB617CF-E274-46A6-B63C-73F14724BE7B}.Release|Any CPU.Build.0 = Release|Any CPU
		{5EA3DF0E-74D0-4B07-A129-F1B591DACFBA}.Debug|Any CPU.ActiveCfg = Debug|Any CPU
		{5EA3DF0E-74D0-4B07-A129-F1B591DACFBA}.Debug|Any CPU.Build.0 = Debug|Any CPU
		{5EA3DF0E-74D0-4B07-A129-F1B591DACFBA}.Release|Any CPU.ActiveCfg = Release|Any CPU
		{5EA3DF0E-74D0-4B07-A129-F1B591DACFBA}.Release|Any CPU.Build.0 = Release|Any CPU
		{7817ED61-34C0-43BF-B1D2-E4727243BDBE}.Debug|Any CPU.ActiveCfg = Debug|Any CPU
		{7817ED61-34C0-43BF-B1D2-E4727243BDBE}.Debug|Any CPU.Build.0 = Debug|Any CPU
		{7817ED61-34C0-43BF-B1D2-E4727243BDBE}.Release|Any CPU.ActiveCfg = Release|Any CPU
		{7817ED61-34C0-43BF-B1D2-E4727243BDBE}.Release|Any CPU.Build.0 = Release|Any CPU
		{A01212AB-9AE5-4B17-AED5-7AFE91255A34}.Debug|Any CPU.ActiveCfg = Debug|Any CPU
		{A01212AB-9AE5-4B17-AED5-7AFE91255A34}.Debug|Any CPU.Build.0 = Debug|Any CPU
		{A01212AB-9AE5-4B17-AED5-7AFE91255A34}.Release|Any CPU.ActiveCfg = Release|Any CPU
		{A01212AB-9AE5-4B17-AED5-7AFE91255A34}.Release|Any CPU.Build.0 = Release|Any CPU
		{9079A9B4-62D6-4A60-8D35-0E5F085CD655}.Debug|Any CPU.ActiveCfg = Debug|Any CPU
		{9079A9B4-62D6-4A60-8D35-0E5F085CD655}.Debug|Any CPU.Build.0 = Debug|Any CPU
		{9079A9B4-62D6-4A60-8D35-0E5F085CD655}.Release|Any CPU.ActiveCfg = Release|Any CPU
		{9079A9B4-62D6-4A60-8D35-0E5F085CD655}.Release|Any CPU.Build.0 = Release|Any CPU
	EndGlobalSection
	GlobalSection(SolutionProperties) = preSolution
		HideSolutionNode = FALSE
	EndGlobalSection
	GlobalSection(ExtensibilityGlobals) = postSolution
		SolutionGuid = {A3D6818A-7AFC-49DE-80F0-1C4071FB6B26}
	EndGlobalSection
EndGlobal
